
Microsoft Visual Studio Solution File, Format Version 12.00
# Visual Studio Version 17
VisualStudioVersion = 17.6.33801.468
MinimumVisualStudioVersion = 10.0.40219.1
Project("{2150E333-8FDC-42A3-9474-1A3956D46DE8}") = "1.Api", "1.Api", "{A2AA3F82-C6A7-4206-A71E-7295349F5B68}"
EndProject
Project("{2150E333-8FDC-42A3-9474-1A3956D46DE8}") = "2.Bsn", "2.Bsn", "{9472BF59-D1DD-4A34-AB86-0A4C37FF3419}"
EndProject
Project("{2150E333-8FDC-42A3-9474-1A3956D46DE8}") = "3.Infra", "3.Infra", "{48D67D53-2263-4C38-A6B6-60678577DDFC}"
EndProject
Project("{2150E333-8FDC-42A3-9474-1A3956D46DE8}") = "4.Models", "4.Models", "{F4BDB205-1BF6-47AE-955C-F3198587ACD8}"
EndProject
Project("{2150E333-8FDC-42A3-9474-1A3956D46DE8}") = "5.Core", "5.Core", "{59A13BB9-84DD-465E-B207-6B49E4231A88}"
EndProject
Project("{9A19103F-16F7-4668-BE54-9A1E7A4F7556}") = "Core.Model", "Core.Model\Core.Model.csproj", "{15A70AE7-F0F6-431B-817E-8C90AD714DD5}"
EndProject
Project("{9A19103F-16F7-4668-BE54-9A1E7A4F7556}") = "Core.Repository", "Core.Repository\Core.Repository.csproj", "{167EB9C9-2EBF-4AE5-8F42-FBCF714A7F23}"
EndProject
Project("{9A19103F-16F7-4668-BE54-9A1E7A4F7556}") = "Core.Utilities", "Core.Utilities\Core.Utilities.csproj", "{ACB4C351-B123-46C0-BA61-B4CFF0AFDF85}"
EndProject
Project("{9A19103F-16F7-4668-BE54-9A1E7A4F7556}") = "Model.Context", "Model.Context\Model.Context.csproj", "{F1D046F2-7946-4B1E-9553-269EADAB0554}"
EndProject
Project("{9A19103F-16F7-4668-BE54-9A1E7A4F7556}") = "Model.Dto", "Model.Dto\Model.Dto.csproj", "{C97471B0-1F62-4C54-B183-ACA3C107C106}"
EndProject
Project("{9A19103F-16F7-4668-BE54-9A1E7A4F7556}") = "Model.Entity", "Model.Entity\Model.Entity.csproj", "{5E7FFDCF-2EB2-4350-BC1D-5744F5FC8970}"
EndProject
Project("{9A19103F-16F7-4668-BE54-9A1E7A4F7556}") = "Infra.DataAccess", "Infra.DataAccess\Infra.DataAccess.csproj", "{24AE3673-C7B5-481E-A215-A9245048F3EC}"
EndProject
Project("{9A19103F-16F7-4668-BE54-9A1E7A4F7556}") = "Bsn.ValidationService", "Bsn.ValidationService\Bsn.ValidationService.csproj", "{691880B3-F153-4AA9-89D1-78F88BE22869}"
EndProject
Project("{9A19103F-16F7-4668-BE54-9A1E7A4F7556}") = "Bsn.Utilities", "Bsn.Utilities\Bsn.Utilities.csproj", "{09A7DC51-85F1-402C-A0DB-57A6AE0E5606}"
EndProject
Project("{9A19103F-16F7-4668-BE54-9A1E7A4F7556}") = "Bsn.MapperService", "Bsn.MapperService\Bsn.MapperService.csproj", "{4343814A-E82F-4252-8A87-3F304FA36FE0}"
EndProject
Project("{9A19103F-16F7-4668-BE54-9A1E7A4F7556}") = "Bsn.Authentification", "Bsn.Authentification\Bsn.Authentification.csproj", "{EC1C243E-F827-4FAE-AF40-EF75F3CC2E46}"
EndProject
Project("{9A19103F-16F7-4668-BE54-9A1E7A4F7556}") = "Bsn.DataServices", "Bsn.DataServices\Bsn.DataServices.csproj", "{9F6223A6-CE64-4554-AA04-5F638F2E2EB9}"
EndProject
Project("{9A19103F-16F7-4668-BE54-9A1E7A4F7556}") = "Bsn.DependencyResolver", "Bsn.DependencyResolver\Bsn.DependencyResolver.csproj", "{EBF5C72D-1A5E-4E7C-97F6-F2C135C1E047}"
EndProject
Project("{2150E333-8FDC-42A3-9474-1A3956D46DE8}") = "6.Test", "6.Test", "{BA23F279-C164-40F6-8F72-E32005701933}"
EndProject
Project("{9A19103F-16F7-4668-BE54-9A1E7A4F7556}") = "GaleryDigitalFunctions", "SaalDigitalFunctions\GaleryDigitalFunctions.csproj", "{560B320B-4301-4ECE-985A-8FCE95EE8837}"
EndProject
Project("{9A19103F-16F7-4668-BE54-9A1E7A4F7556}") = "Bsn.EncrypterService", "Bsn.EncrypterService\Bsn.EncrypterService.csproj", "{AAC24856-B17F-4556-8A91-C1914AB57EFE}"
EndProject
Project("{9A19103F-16F7-4668-BE54-9A1E7A4F7556}") = "Bsn.AzureServices", "Bsn.AzureServices\Bsn.AzureServices.csproj", "{8D5E78B4-6195-466C-A17C-A5A6CEC66D02}"
EndProject
Project("{2150E333-8FDC-42A3-9474-1A3956D46DE8}") = "7.Config", "7.Config", "{70BEF6F2-5288-4A2E-9FF1-255E1409E589}"
EndProject
Project("{9A19103F-16F7-4668-BE54-9A1E7A4F7556}") = "ConsoleInit", "ConsoleInit\ConsoleInit.csproj", "{0F480FBA-C071-49E3-9701-B6657136BCB5}"
EndProject
Global
	GlobalSection(SolutionConfigurationPlatforms) = preSolution
		Debug|Any CPU = Debug|Any CPU
		Release|Any CPU = Release|Any CPU
	EndGlobalSection
	GlobalSection(ProjectConfigurationPlatforms) = postSolution
		{15A70AE7-F0F6-431B-817E-8C90AD714DD5}.Debug|Any CPU.ActiveCfg = Debug|Any CPU
		{15A70AE7-F0F6-431B-817E-8C90AD714DD5}.Debug|Any CPU.Build.0 = Debug|Any CPU
		{15A70AE7-F0F6-431B-817E-8C90AD714DD5}.Release|Any CPU.ActiveCfg = Release|Any CPU
		{15A70AE7-F0F6-431B-817E-8C90AD714DD5}.Release|Any CPU.Build.0 = Release|Any CPU
		{167EB9C9-2EBF-4AE5-8F42-FBCF714A7F23}.Debug|Any CPU.ActiveCfg = Debug|Any CPU
		{167EB9C9-2EBF-4AE5-8F42-FBCF714A7F23}.Debug|Any CPU.Build.0 = Debug|Any CPU
		{167EB9C9-2EBF-4AE5-8F42-FBCF714A7F23}.Release|Any CPU.ActiveCfg = Release|Any CPU
		{167EB9C9-2EBF-4AE5-8F42-FBCF714A7F23}.Release|Any CPU.Build.0 = Release|Any CPU
		{ACB4C351-B123-46C0-BA61-B4CFF0AFDF85}.Debug|Any CPU.ActiveCfg = Debug|Any CPU
		{ACB4C351-B123-46C0-BA61-B4CFF0AFDF85}.Debug|Any CPU.Build.0 = Debug|Any CPU
		{ACB4C351-B123-46C0-BA61-B4CFF0AFDF85}.Release|Any CPU.ActiveCfg = Release|Any CPU
		{ACB4C351-B123-46C0-BA61-B4CFF0AFDF85}.Release|Any CPU.Build.0 = Release|Any CPU
		{F1D046F2-7946-4B1E-9553-269EADAB0554}.Debug|Any CPU.ActiveCfg = Debug|Any CPU
		{F1D046F2-7946-4B1E-9553-269EADAB0554}.Debug|Any CPU.Build.0 = Debug|Any CPU
		{F1D046F2-7946-4B1E-9553-269EADAB0554}.Release|Any CPU.ActiveCfg = Release|Any CPU
		{F1D046F2-7946-4B1E-9553-269EADAB0554}.Release|Any CPU.Build.0 = Release|Any CPU
		{C97471B0-1F62-4C54-B183-ACA3C107C106}.Debug|Any CPU.ActiveCfg = Debug|Any CPU
		{C97471B0-1F62-4C54-B183-ACA3C107C106}.Debug|Any CPU.Build.0 = Debug|Any CPU
		{C97471B0-1F62-4C54-B183-ACA3C107C106}.Release|Any CPU.ActiveCfg = Release|Any CPU
		{C97471B0-1F62-4C54-B183-ACA3C107C106}.Release|Any CPU.Build.0 = Release|Any CPU
		{5E7FFDCF-2EB2-4350-BC1D-5744F5FC8970}.Debug|Any CPU.ActiveCfg = Debug|Any CPU
		{5E7FFDCF-2EB2-4350-BC1D-5744F5FC8970}.Debug|Any CPU.Build.0 = Debug|Any CPU
		{5E7FFDCF-2EB2-4350-BC1D-5744F5FC8970}.Release|Any CPU.ActiveCfg = Release|Any CPU
		{5E7FFDCF-2EB2-4350-BC1D-5744F5FC8970}.Release|Any CPU.Build.0 = Release|Any CPU
		{24AE3673-C7B5-481E-A215-A9245048F3EC}.Debug|Any CPU.ActiveCfg = Debug|Any CPU
		{24AE3673-C7B5-481E-A215-A9245048F3EC}.Debug|Any CPU.Build.0 = Debug|Any CPU
		{24AE3673-C7B5-481E-A215-A9245048F3EC}.Release|Any CPU.ActiveCfg = Release|Any CPU
		{24AE3673-C7B5-481E-A215-A9245048F3EC}.Release|Any CPU.Build.0 = Release|Any CPU
		{691880B3-F153-4AA9-89D1-78F88BE22869}.Debug|Any CPU.ActiveCfg = Debug|Any CPU
		{691880B3-F153-4AA9-89D1-78F88BE22869}.Debug|Any CPU.Build.0 = Debug|Any CPU
		{691880B3-F153-4AA9-89D1-78F88BE22869}.Release|Any CPU.ActiveCfg = Release|Any CPU
		{691880B3-F153-4AA9-89D1-78F88BE22869}.Release|Any CPU.Build.0 = Release|Any CPU
		{09A7DC51-85F1-402C-A0DB-57A6AE0E5606}.Debug|Any CPU.ActiveCfg = Debug|Any CPU
		{09A7DC51-85F1-402C-A0DB-57A6AE0E5606}.Debug|Any CPU.Build.0 = Debug|Any CPU
		{09A7DC51-85F1-402C-A0DB-57A6AE0E5606}.Release|Any CPU.ActiveCfg = Release|Any CPU
		{09A7DC51-85F1-402C-A0DB-57A6AE0E5606}.Release|Any CPU.Build.0 = Release|Any CPU
		{4343814A-E82F-4252-8A87-3F304FA36FE0}.Debug|Any CPU.ActiveCfg = Debug|Any CPU
		{4343814A-E82F-4252-8A87-3F304FA36FE0}.Debug|Any CPU.Build.0 = Debug|Any CPU
		{4343814A-E82F-4252-8A87-3F304FA36FE0}.Release|Any CPU.ActiveCfg = Release|Any CPU
		{4343814A-E82F-4252-8A87-3F304FA36FE0}.Release|Any CPU.Build.0 = Release|Any CPU
		{EC1C243E-F827-4FAE-AF40-EF75F3CC2E46}.Debug|Any CPU.ActiveCfg = Debug|Any CPU
		{EC1C243E-F827-4FAE-AF40-EF75F3CC2E46}.Debug|Any CPU.Build.0 = Debug|Any CPU
		{EC1C243E-F827-4FAE-AF40-EF75F3CC2E46}.Release|Any CPU.ActiveCfg = Release|Any CPU
		{EC1C243E-F827-4FAE-AF40-EF75F3CC2E46}.Release|Any CPU.Build.0 = Release|Any CPU
		{9F6223A6-CE64-4554-AA04-5F638F2E2EB9}.Debug|Any CPU.ActiveCfg = Debug|Any CPU
		{9F6223A6-CE64-4554-AA04-5F638F2E2EB9}.Debug|Any CPU.Build.0 = Debug|Any CPU
		{9F6223A6-CE64-4554-AA04-5F638F2E2EB9}.Release|Any CPU.ActiveCfg = Release|Any CPU
		{9F6223A6-CE64-4554-AA04-5F638F2E2EB9}.Release|Any CPU.Build.0 = Release|Any CPU
		{EBF5C72D-1A5E-4E7C-97F6-F2C135C1E047}.Debug|Any CPU.ActiveCfg = Debug|Any CPU
		{EBF5C72D-1A5E-4E7C-97F6-F2C135C1E047}.Debug|Any CPU.Build.0 = Debug|Any CPU
		{EBF5C72D-1A5E-4E7C-97F6-F2C135C1E047}.Release|Any CPU.ActiveCfg = Release|Any CPU
		{EBF5C72D-1A5E-4E7C-97F6-F2C135C1E047}.Release|Any CPU.Build.0 = Release|Any CPU
		{560B320B-4301-4ECE-985A-8FCE95EE8837}.Debug|Any CPU.ActiveCfg = Debug|Any CPU
		{560B320B-4301-4ECE-985A-8FCE95EE8837}.Debug|Any CPU.Build.0 = Debug|Any CPU
		{560B320B-4301-4ECE-985A-8FCE95EE8837}.Release|Any CPU.ActiveCfg = Release|Any CPU
		{560B320B-4301-4ECE-985A-8FCE95EE8837}.Release|Any CPU.Build.0 = Release|Any CPU
		{AAC24856-B17F-4556-8A91-C1914AB57EFE}.Debug|Any CPU.ActiveCfg = Debug|Any CPU
		{AAC24856-B17F-4556-8A91-C1914AB57EFE}.Debug|Any CPU.Build.0 = Debug|Any CPU
		{AAC24856-B17F-4556-8A91-C1914AB57EFE}.Release|Any CPU.ActiveCfg = Release|Any CPU
		{AAC24856-B17F-4556-8A91-C1914AB57EFE}.Release|Any CPU.Build.0 = Release|Any CPU
		{8D5E78B4-6195-466C-A17C-A5A6CEC66D02}.Debug|Any CPU.ActiveCfg = Debug|Any CPU
		{8D5E78B4-6195-466C-A17C-A5A6CEC66D02}.Debug|Any CPU.Build.0 = Debug|Any CPU
		{8D5E78B4-6195-466C-A17C-A5A6CEC66D02}.Release|Any CPU.ActiveCfg = Release|Any CPU
		{8D5E78B4-6195-466C-A17C-A5A6CEC66D02}.Release|Any CPU.Build.0 = Release|Any CPU
		{0F480FBA-C071-49E3-9701-B6657136BCB5}.Debug|Any CPU.ActiveCfg = Debug|Any CPU
		{0F480FBA-C071-49E3-9701-B6657136BCB5}.Debug|Any CPU.Build.0 = Debug|Any CPU
		{0F480FBA-C071-49E3-9701-B6657136BCB5}.Release|Any CPU.ActiveCfg = Release|Any CPU
		{0F480FBA-C071-49E3-9701-B6657136BCB5}.Release|Any CPU.Build.0 = Release|Any CPU
	EndGlobalSection
	GlobalSection(SolutionProperties) = preSolution
		HideSolutionNode = FALSE
	EndGlobalSection
	GlobalSection(NestedProjects) = preSolution
		{15A70AE7-F0F6-431B-817E-8C90AD714DD5} = {59A13BB9-84DD-465E-B207-6B49E4231A88}
		{167EB9C9-2EBF-4AE5-8F42-FBCF714A7F23} = {59A13BB9-84DD-465E-B207-6B49E4231A88}
		{ACB4C351-B123-46C0-BA61-B4CFF0AFDF85} = {59A13BB9-84DD-465E-B207-6B49E4231A88}
		{F1D046F2-7946-4B1E-9553-269EADAB0554} = {F4BDB205-1BF6-47AE-955C-F3198587ACD8}
		{C97471B0-1F62-4C54-B183-ACA3C107C106} = {F4BDB205-1BF6-47AE-955C-F3198587ACD8}
		{5E7FFDCF-2EB2-4350-BC1D-5744F5FC8970} = {F4BDB205-1BF6-47AE-955C-F3198587ACD8}
		{24AE3673-C7B5-481E-A215-A9245048F3EC} = {48D67D53-2263-4C38-A6B6-60678577DDFC}
		{691880B3-F153-4AA9-89D1-78F88BE22869} = {9472BF59-D1DD-4A34-AB86-0A4C37FF3419}
		{09A7DC51-85F1-402C-A0DB-57A6AE0E5606} = {9472BF59-D1DD-4A34-AB86-0A4C37FF3419}
		{4343814A-E82F-4252-8A87-3F304FA36FE0} = {9472BF59-D1DD-4A34-AB86-0A4C37FF3419}
		{EC1C243E-F827-4FAE-AF40-EF75F3CC2E46} = {9472BF59-D1DD-4A34-AB86-0A4C37FF3419}
		{9F6223A6-CE64-4554-AA04-5F638F2E2EB9} = {9472BF59-D1DD-4A34-AB86-0A4C37FF3419}
		{EBF5C72D-1A5E-4E7C-97F6-F2C135C1E047} = {9472BF59-D1DD-4A34-AB86-0A4C37FF3419}
		{560B320B-4301-4ECE-985A-8FCE95EE8837} = {A2AA3F82-C6A7-4206-A71E-7295349F5B68}
		{AAC24856-B17F-4556-8A91-C1914AB57EFE} = {9472BF59-D1DD-4A34-AB86-0A4C37FF3419}
		{8D5E78B4-6195-466C-A17C-A5A6CEC66D02} = {9472BF59-D1DD-4A34-AB86-0A4C37FF3419}
		{0F480FBA-C071-49E3-9701-B6657136BCB5} = {70BEF6F2-5288-4A2E-9FF1-255E1409E589}
	EndGlobalSection
	GlobalSection(ExtensibilityGlobals) = postSolution
		SolutionGuid = {355D446D-5998-46C3-BEB5-F967AE2C6031}
	EndGlobalSection
EndGlobal
